version = 1
revision = 2
requires-python = ">=3.11"

[[package]]
name = "colorama"
version = "0.4.6"
source = { registry = "https://pypi.org/simple" }
sdist = { url = "https://files.pythonhosted.org/packages/d8/53/6f443c9a4a8358a93a6792e2acffb9d9d5cb0a5cfd8802644b7b1c9a02e4/colorama-0.4.6.tar.gz", hash = "sha256:08695f5cb7ed6e0531a20572697297273c47b8cae5a63ffc6d6ed5c201be6e44", size = 27697, upload-time = "2022-10-25T02:36:22.414Z" }
wheels = [
    { url = "https://files.pythonhosted.org/packages/d1/d6/3965ed04c63042e047cb6a3e6ed1a63a35087b6a609aa3a15ed8ac56c221/colorama-0.4.6-py2.py3-none-any.whl", hash = "sha256:4f1d9991f5acc0ca119f9d443620b77f9d6b33703e51011c16baf57afb285fc6", size = 25335, upload-time = "2022-10-25T02:36:20.889Z" },
]

[[package]]
name = "coloredlogs"
version = "15.0.1"
source = { registry = "https://pypi.org/simple" }
dependencies = [
    { name = "humanfriendly" },
]
sdist = { url = "https://files.pythonhosted.org/packages/cc/c7/eed8f27100517e8c0e6b923d5f0845d0cb99763da6fdee00478f91db7325/coloredlogs-15.0.1.tar.gz", hash = "sha256:7c991aa71a4577af2f82600d8f8f3a89f936baeaf9b50a9c197da014e5bf16b0", size = 278520, upload-time = "2021-06-11T10:22:45.202Z" }
wheels = [
    { url = "https://files.pythonhosted.org/packages/a7/06/3d6badcf13db419e25b07041d9c7b4a2c331d3f4e7134445ec5df57714cd/coloredlogs-15.0.1-py2.py3-none-any.whl", hash = "sha256:612ee75c546f53e92e70049c9dbfcc18c935a2b9a53b66085ce9ef6a6e5c0934", size = 46018, upload-time = "2021-06-11T10:22:42.561Z" },
]

[[package]]
name = "cs2-build-analysis-automation"
version = "1.1.0"
source = { virtual = "." }
dependencies = [
    { name = "coloredlogs" },
    { name = "psutil" },
    { name = "tqdm" },
]

[package.metadata]
requires-dist = [
    { name = "coloredlogs" },
    { name = "psutil" },
    { name = "tqdm" },
]

[[package]]
name = "humanfriendly"
version = "10.0"
source = { registry = "https://pypi.org/simple" }
dependencies = [
    { name = "pyreadline3", marker = "sys_platform == 'win32'" },
]
sdist = { url = "https://files.pythonhosted.org/packages/cc/3f/2c29224acb2e2df4d2046e4c73ee2662023c58ff5b113c4c1adac0886c43/humanfriendly-10.0.tar.gz", hash = "sha256:6b0b831ce8f15f7300721aa49829fc4e83921a9a301cc7f606be6686a2288ddc", size = 360702, upload-time = "2021-09-17T21:40:43.31Z" }
wheels = [
    { url = "https://files.pythonhosted.org/packages/f0/0f/310fb31e39e2d734ccaa2c0fb981ee41f7bd5056ce9bc29b2248bd569169/humanfriendly-10.0-py2.py3-none-any.whl", hash = "sha256:1697e1a8a8f550fd43c2865cd84542fc175a61dcb779b6fee18cf6b6ccba1477", size = 86794, upload-time = "2021-09-17T21:40:39.897Z" },
]

[[package]]
name = "psutil"
version = "7.1.2"
source = { registry = "https://pypi.org/simple" }
sdist = { url = "https://files.pythonhosted.org/packages/cd/ec/7b8e6b9b1d22708138630ef34c53ab2b61032c04f16adfdbb96791c8c70c/psutil-7.1.2.tar.gz", hash = "sha256:aa225cdde1335ff9684708ee8c72650f6598d5ed2114b9a7c5802030b1785018", size = 487424, upload-time = "2025-10-25T10:46:34.931Z" }
wheels = [
    { url = "https://files.pythonhosted.org/packages/b8/d9/b56cc9f883140ac10021a8c9b0f4e16eed1ba675c22513cdcbce3ba64014/psutil-7.1.2-cp313-cp313t-macosx_10_13_x86_64.whl", hash = "sha256:0cc5c6889b9871f231ed5455a9a02149e388fffcb30b607fb7a8896a6d95f22e", size = 238575, upload-time = "2025-10-25T10:46:38.728Z" },
    { url = "https://files.pythonhosted.org/packages/36/eb/28d22de383888deb252c818622196e709da98816e296ef95afda33f1c0a2/psutil-7.1.2-cp313-cp313t-macosx_11_0_arm64.whl", hash = "sha256:8e9e77a977208d84aa363a4a12e0f72189d58bbf4e46b49aae29a2c6e93ef206", size = 239297, upload-time = "2025-10-25T10:46:41.347Z" },
    { url = "https://files.pythonhosted.org/packages/89/5d/220039e2f28cc129626e54d63892ab05c0d56a29818bfe7268dcb5008932/psutil-7.1.2-cp313-cp313t-manylinux2010_x86_64.manylinux_2_12_x86_64.manylinux_2_28_x86_64.whl", hash = "sha256:7d9623a5e4164d2220ecceb071f4b333b3c78866141e8887c072129185f41278", size = 280420, upload-time = "2025-10-25T10:46:44.122Z" },
    { url = "https://files.pythonhosted.org/packages/ba/7a/286f0e1c167445b2ef4a6cbdfc8c59fdb45a5a493788950cf8467201dc73/psutil-7.1.2-cp313-cp313t-manylinux2014_aarch64.manylinux_2_17_aarch64.manylinux_2_28_aarch64.whl", hash = "sha256:364b1c10fe4ed59c89ec49e5f1a70da353b27986fa8233b4b999df4742a5ee2f", size = 283049, upload-time = "2025-10-25T10:46:47.095Z" },
    { url = "https://files.pythonhosted.org/packages/aa/cc/7eb93260794a42e39b976f3a4dde89725800b9f573b014fac142002a5c98/psutil-7.1.2-cp313-cp313t-win_amd64.whl", hash = "sha256:f101ef84de7e05d41310e3ccbdd65a6dd1d9eed85e8aaf0758405d022308e204", size = 248713, upload-time = "2025-10-25T10:46:49.573Z" },
    { url = "https://files.pythonhosted.org/packages/ab/1a/0681a92b53366e01f0a099f5237d0c8a2f79d322ac589cccde5e30c8a4e2/psutil-7.1.2-cp313-cp313t-win_arm64.whl", hash = "sha256:20c00824048a95de67f00afedc7b08b282aa08638585b0206a9fb51f28f1a165", size = 244644, upload-time = "2025-10-25T10:46:51.924Z" },
    { url = "https://files.pythonhosted.org/packages/56/9e/f1c5c746b4ed5320952acd3002d3962fe36f30524c00ea79fdf954cc6779/psutil-7.1.2-cp314-cp314t-macosx_10_15_x86_64.whl", hash = "sha256:e09cfe92aa8e22b1ec5e2d394820cf86c5dff6367ac3242366485dfa874d43bc", size = 238640, upload-time = "2025-10-25T10:46:54.089Z" },
    { url = "https://files.pythonhosted.org/packages/32/ee/fd26216a735395cc25c3899634e34aeb41fb1f3dbb44acc67d9e594be562/psutil-7.1.2-cp314-cp314t-macosx_11_0_arm64.whl", hash = "sha256:fa6342cf859c48b19df3e4aa170e4cfb64aadc50b11e06bb569c6c777b089c9e", size = 239303, upload-time = "2025-10-25T10:46:56.932Z" },
    { url = "https://files.pythonhosted.org/packages/3c/cd/7d96eaec4ef7742b845a9ce2759a2769ecce4ab7a99133da24abacbc9e41/psutil-7.1.2-cp314-cp314t-manylinux2010_x86_64.manylinux_2_12_x86_64.manylinux_2_28_x86_64.whl", hash = "sha256:625977443498ee7d6c1e63e93bacca893fd759a66c5f635d05e05811d23fb5ee", size = 281717, upload-time = "2025-10-25T10:46:59.116Z" },
    { url = "https://files.pythonhosted.org/packages/bc/1a/7f0b84bdb067d35fe7fade5fff888408688caf989806ce2d6dae08c72dd5/psutil-7.1.2-cp314-cp314t-manylinux2014_aarch64.manylinux_2_17_aarch64.manylinux_2_28_aarch64.whl", hash = "sha256:4a24bcd7b7f2918d934af0fb91859f621b873d6aa81267575e3655cd387572a7", size = 284575, upload-time = "2025-10-25T10:47:00.944Z" },
    { url = "https://files.pythonhosted.org/packages/de/05/7820ef8f7b275268917e0c750eada5834581206d9024ca88edce93c4b762/psutil-7.1.2-cp314-cp314t-win_amd64.whl", hash = "sha256:329f05610da6380982e6078b9d0881d9ab1e9a7eb7c02d833bfb7340aa634e31", size = 249491, upload-time = "2025-10-25T10:47:03.174Z" },
    { url = "https://files.pythonhosted.org/packages/db/9a/58de399c7cb58489f08498459ff096cd76b3f1ddc4f224ec2c5ef729c7d0/psutil-7.1.2-cp314-cp314t-win_arm64.whl", hash = "sha256:7b04c29e3c0c888e83ed4762b70f31e65c42673ea956cefa8ced0e31e185f582", size = 244880, upload-time = "2025-10-25T10:47:05.228Z" },
    { url = "https://files.pythonhosted.org/packages/ae/89/b9f8d47ddbc52d7301fc868e8224e5f44ed3c7f55e6d0f54ecaf5dd9ff5e/psutil-7.1.2-cp36-abi3-macosx_10_9_x86_64.whl", hash = "sha256:c9ba5c19f2d46203ee8c152c7b01df6eec87d883cfd8ee1af2ef2727f6b0f814", size = 237244, upload-time = "2025-10-25T10:47:07.086Z" },
    { url = "https://files.pythonhosted.org/packages/c8/7a/8628c2f6b240680a67d73d8742bb9ff39b1820a693740e43096d5dcb01e5/psutil-7.1.2-cp36-abi3-macosx_11_0_arm64.whl", hash = "sha256:2a486030d2fe81bec023f703d3d155f4823a10a47c36784c84f1cc7f8d39bedb", size = 238101, upload-time = "2025-10-25T10:47:09.523Z" },
    { url = "https://files.pythonhosted.org/packages/30/28/5e27f4d5a0e347f8e3cc16cd7d35533dbce086c95807f1f0e9cd77e26c10/psutil-7.1.2-cp36-abi3-manylinux2010_x86_64.manylinux_2_12_x86_64.manylinux_2_28_x86_64.whl", hash = "sha256:3efd8fc791492e7808a51cb2b94889db7578bfaea22df931424f874468e389e3", size = 258675, upload-time = "2025-10-25T10:47:11.082Z" },
    { url = "https://files.pythonhosted.org/packages/e5/5c/79cf60c9acf36d087f0db0f82066fca4a780e97e5b3a2e4c38209c03d170/psutil-7.1.2-cp36-abi3-manylinux2014_aarch64.manylinux_2_17_aarch64.manylinux_2_28_aarch64.whl", hash = "sha256:e2aeb9b64f481b8eabfc633bd39e0016d4d8bbcd590d984af764d80bf0851b8a", size = 260203, upload-time = "2025-10-25T10:47:13.226Z" },
    { url = "https://files.pythonhosted.org/packages/f7/03/0a464404c51685dcb9329fdd660b1721e076ccd7b3d97dee066bcc9ffb15/psutil-7.1.2-cp37-abi3-win_amd64.whl", hash = "sha256:8e17852114c4e7996fe9da4745c2bdef001ebbf2f260dec406290e66628bdb91", size = 246714, upload-time = "2025-10-25T10:47:15.093Z" },
    { url = "https://files.pythonhosted.org/packages/6a/32/97ca2090f2f1b45b01b6aa7ae161cfe50671de097311975ca6eea3e7aabc/psutil-7.1.2-cp37-abi3-win_arm64.whl", hash = "sha256:3e988455e61c240cc879cb62a008c2699231bf3e3d061d7fce4234463fd2abb4", size = 243742, upload-time = "2025-10-25T10:47:17.302Z" },
]

[[package]]
name = "pyreadline3"
version = "3.5.4"
source = { registry = "https://pypi.org/simple" }
sdist = { url = "https://files.pythonhosted.org/packages/0f/49/4cea918a08f02817aabae639e3d0ac046fef9f9180518a3ad394e22da148/pyreadline3-3.5.4.tar.gz", hash = "sha256:8d57d53039a1c75adba8e50dd3d992b28143480816187ea5efbd5c78e6c885b7", size = 99839, upload-time = "2024-09-19T02:40:10.062Z" }
wheels = [
    { url = "https://files.pythonhosted.org/packages/5a/dc/491b7661614ab97483abf2056be1deee4dc2490ecbf7bff9ab5cdbac86e1/pyreadline3-3.5.4-py3-none-any.whl", hash = "sha256:eaf8e6cc3c49bcccf145fc6067ba8643d1df34d604a1ec0eccbf7a18e6d3fae6", size = 83178, upload-time = "2024-09-19T02:40:08.598Z" },
]

[[package]]
name = "tqdm"
version = "4.67.1"
source = { registry = "https://pypi.org/simple" }
dependencies = [
    { name = "colorama", marker = "sys_platform == 'win32'" },
]
sdist = { url = "https://files.pythonhosted.org/packages/a8/4b/29b4ef32e036bb34e4ab51796dd745cdba7ed47ad142a9f4a1eb8e0c744d/tqdm-4.67.1.tar.gz", hash = "sha256:f8aef9c52c08c13a65f30ea34f4e5aac3fd1a34959879d7e59e63027286627f2", size = 169737, upload-time = "2024-11-24T20:12:22.481Z" }
wheels = [
    { url = "https://files.pythonhosted.org/packages/d0/30/dc54f88dd4a2b5dc8a0279bdd7270e735851848b762aeb1c1184ed1f6b14/tqdm-4.67.1-py3-none-any.whl", hash = "sha256:26445eca388f82e72884e0d580d5464cd801a3ea01e63e5601bdff9ba6a48de2", size = 78540, upload-time = "2024-11-24T20:12:19.698Z" },
]
